
Microsoft Visual Studio Solution File, Format Version 12.00
Project("{FAE04EC0-301F-11D3-BF4B-00C04F79EFBC}") = "Ecommerce.API", "Ecommerce.API\Ecommerce.API.csproj", "{CDA2F312-6BEF-4FB3-B3E9-1CEAC0FD41CF}"
EndProject
Project("{FAE04EC0-301F-11D3-BF4B-00C04F79EFBC}") = "Ecommerce.Domain", "Ecommerce.Domain\Ecommerce.Domain.csproj", "{CA14E960-B8AC-4C82-BF0E-50B85CDCFCA4}"
EndProject
Global
	GlobalSection(SolutionConfigurationPlatforms) = preSolution
		Debug|Any CPU = Debug|Any CPU
		Release|Any CPU = Release|Any CPU
	EndGlobalSection
	GlobalSection(ProjectConfigurationPlatforms) = postSolution
		{CDA2F312-6BEF-4FB3-B3E9-1CEAC0FD41CF}.Debug|Any CPU.ActiveCfg = Debug|Any CPU
		{CDA2F312-6BEF-4FB3-B3E9-1CEAC0FD41CF}.Debug|Any CPU.Build.0 = Debug|Any CPU
		{CDA2F312-6BEF-4FB3-B3E9-1CEAC0FD41CF}.Release|Any CPU.ActiveCfg = Release|Any CPU
		{CDA2F312-6BEF-4FB3-B3E9-1CEAC0FD41CF}.Release|Any CPU.Build.0 = Release|Any CPU
		{CA14E960-B8AC-4C82-BF0E-50B85CDCFCA4}.Debug|Any CPU.ActiveCfg = Debug|Any CPU
		{CA14E960-B8AC-4C82-BF0E-50B85CDCFCA4}.Debug|Any CPU.Build.0 = Debug|Any CPU
		{CA14E960-B8AC-4C82-BF0E-50B85CDCFCA4}.Release|Any CPU.ActiveCfg = Release|Any CPU
		{CA14E960-B8AC-4C82-BF0E-50B85CDCFCA4}.Release|Any CPU.Build.0 = Release|Any CPU
	EndGlobalSection
EndGlobal
